
Microsoft Visual Studio Solution File, Format Version 12.00
# Visual Studio 2013
VisualStudioVersion = 12.0.31101.0
MinimumVisualStudioVersion = 10.0.40219.1
Project("{FAE04EC0-301F-11D3-BF4B-00C04F79EFBC}") = "OctoGWT", "OctoGWT\OctoGWT.csproj", "{9D9ADA90-A926-4302-9E96-378AC72A68E6}"
EndProject
Project("{FAE04EC0-301F-11D3-BF4B-00C04F79EFBC}") = "OctoGWT.Tests", "OctoGWT.Tests\OctoGWT.Tests.csproj", "{6B99A409-0D17-4064-A2F7-4D1AF615624E}"
EndProject
Project("{2150E333-8FDC-42A3-9474-1A3956D46DE8}") = ".nuget", ".nuget", "{84F3F0C5-9E8A-475B-889B-76C956805876}"
	ProjectSection(SolutionItems) = preProject
		.nuget\NuGet.Config = .nuget\NuGet.Config
		.nuget\NuGet.exe = .nuget\NuGet.exe
		.nuget\NuGet.targets = .nuget\NuGet.targets
	EndProjectSection
EndProject
Global
	GlobalSection(SolutionConfigurationPlatforms) = preSolution
		Debug|Any CPU = Debug|Any CPU
		Release|Any CPU = Release|Any CPU
	EndGlobalSection
	GlobalSection(ProjectConfigurationPlatforms) = postSolution
		{9D9ADA90-A926-4302-9E96-378AC72A68E6}.Debug|Any CPU.ActiveCfg = Debug|Any CPU
		{9D9ADA90-A926-4302-9E96-378AC72A68E6}.Debug|Any CPU.Build.0 = Debug|Any CPU
		{9D9ADA90-A926-4302-9E96-378AC72A68E6}.Release|Any CPU.ActiveCfg = Release|Any CPU
		{9D9ADA90-A926-4302-9E96-378AC72A68E6}.Release|Any CPU.Build.0 = Release|Any CPU
		{6B99A409-0D17-4064-A2F7-4D1AF615624E}.Debug|Any CPU.ActiveCfg = Debug|Any CPU
		{6B99A409-0D17-4064-A2F7-4D1AF615624E}.Debug|Any CPU.Build.0 = Debug|Any CPU
		{6B99A409-0D17-4064-A2F7-4D1AF615624E}.Release|Any CPU.ActiveCfg = Release|Any CPU
		{6B99A409-0D17-4064-A2F7-4D1AF615624E}.Release|Any CPU.Build.0 = Release|Any CPU
	EndGlobalSection
	GlobalSection(SolutionProperties) = preSolution
		HideSolutionNode = FALSE
	EndGlobalSection
EndGlobal
