
Microsoft Visual Studio Solution File, Format Version 12.00
# Visual Studio 14
VisualStudioVersion = 14.0.22609.0
MinimumVisualStudioVersion = 10.0.40219.1
Project("{FAE04EC0-301F-11D3-BF4B-00C04F79EFBC}") = "OctoGWT", "OctoGWT\OctoGWT.csproj", "{9D9ADA90-A926-4302-9E96-378AC72A68E6}"
EndProject
Project("{FAE04EC0-301F-11D3-BF4B-00C04F79EFBC}") = "OctoGWT.Tests", "OctoGWT.Tests\OctoGWT.Tests.csproj", "{6B99A409-0D17-4064-A2F7-4D1AF615624E}"
EndProject
Global
	GlobalSection(SolutionConfigurationPlatforms) = preSolution
		Debug|Any CPU = Debug|Any CPU
		Release|Any CPU = Release|Any CPU
	EndGlobalSection
	GlobalSection(ProjectConfigurationPlatforms) = postSolution
		{9D9ADA90-A926-4302-9E96-378AC72A68E6}.Debug|Any CPU.ActiveCfg = Debug|Any CPU
		{9D9ADA90-A926-4302-9E96-378AC72A68E6}.Debug|Any CPU.Build.0 = Debug|Any CPU
		{9D9ADA90-A926-4302-9E96-378AC72A68E6}.Release|Any CPU.ActiveCfg = Release|Any CPU
		{9D9ADA90-A926-4302-9E96-378AC72A68E6}.Release|Any CPU.Build.0 = Release|Any CPU
		{6B99A409-0D17-4064-A2F7-4D1AF615624E}.Debug|Any CPU.ActiveCfg = Debug|Any CPU
		{6B99A409-0D17-4064-A2F7-4D1AF615624E}.Debug|Any CPU.Build.0 = Debug|Any CPU
		{6B99A409-0D17-4064-A2F7-4D1AF615624E}.Release|Any CPU.ActiveCfg = Release|Any CPU
		{6B99A409-0D17-4064-A2F7-4D1AF615624E}.Release|Any CPU.Build.0 = Release|Any CPU
	EndGlobalSection
	GlobalSection(SolutionProperties) = preSolution
		HideSolutionNode = FALSE
	EndGlobalSection
EndGlobal
